// !$*UTF8*$!
{
	archiveVersion = 1;
	classes = {
	};
	objectVersion = 55;
	objects = {

/* Begin PBXBuildFile section */
		6373E0E226F143000026145E /* DadJokesApp.swift in Sources */ = {isa = PBXBuildFile; fileRef = 6373E0E126F143000026145E /* DadJokesApp.swift */; };
		6373E0E426F143000026145E /* ContentView.swift in Sources */ = {isa = PBXBuildFile; fileRef = 6373E0E326F143000026145E /* ContentView.swift */; };
		6373E0E626F143020026145E /* Assets.xcassets in Resources */ = {isa = PBXBuildFile; fileRef = 6373E0E526F143020026145E /* Assets.xcassets */; };
		6373E0E926F143020026145E /* Preview Assets.xcassets in Resources */ = {isa = PBXBuildFile; fileRef = 6373E0E826F143020026145E /* Preview Assets.xcassets */; };
		6373E0F026F143180026145E /* DadJokeView.swift in Sources */ = {isa = PBXBuildFile; fileRef = 6373E0EF26F143180026145E /* DadJokeView.swift */; };
		63A7E80626F1453E000FEDAB /* DadJokesListView.swift in Sources */ = {isa = PBXBuildFile; fileRef = 63A7E80526F1453E000FEDAB /* DadJokesListView.swift */; };
		63A7E80826F14711000FEDAB /* DadJokesListNavigationView.swift in Sources */ = {isa = PBXBuildFile; fileRef = 63A7E80726F14711000FEDAB /* DadJokesListNavigationView.swift */; };
		63A7E80A26F14AD5000FEDAB /* SettingsView.swift in Sources */ = {isa = PBXBuildFile; fileRef = 63A7E80926F14AD5000FEDAB /* SettingsView.swift */; };
		63A7E80D26F14C49000FEDAB /* Localizable.strings in Resources */ = {isa = PBXBuildFile; fileRef = 63A7E80F26F14C49000FEDAB /* Localizable.strings */; };
/* End PBXBuildFile section */

/* Begin PBXFileReference section */
		6373E0DE26F143000026145E /* DadJokes.app */ = {isa = PBXFileReference; explicitFileType = wrapper.application; includeInIndex = 0; path = DadJokes.app; sourceTree = BUILT_PRODUCTS_DIR; };
		6373E0E126F143000026145E /* DadJokesApp.swift */ = {isa = PBXFileReference; lastKnownFileType = sourcecode.swift; path = DadJokesApp.swift; sourceTree = "<group>"; };
		6373E0E326F143000026145E /* ContentView.swift */ = {isa = PBXFileReference; lastKnownFileType = sourcecode.swift; path = ContentView.swift; sourceTree = "<group>"; };
		6373E0E526F143020026145E /* Assets.xcassets */ = {isa = PBXFileReference; lastKnownFileType = folder.assetcatalog; path = Assets.xcassets; sourceTree = "<group>"; };
		6373E0E826F143020026145E /* Preview Assets.xcassets */ = {isa = PBXFileReference; lastKnownFileType = folder.assetcatalog; path = "Preview Assets.xcassets"; sourceTree = "<group>"; };
		6373E0EF26F143180026145E /* DadJokeView.swift */ = {isa = PBXFileReference; lastKnownFileType = sourcecode.swift; path = DadJokeView.swift; sourceTree = "<group>"; };
		63A7E80526F1453E000FEDAB /* DadJokesListView.swift */ = {isa = PBXFileReference; lastKnownFileType = sourcecode.swift; path = DadJokesListView.swift; sourceTree = "<group>"; };
		63A7E80726F14711000FEDAB /* DadJokesListNavigationView.swift */ = {isa = PBXFileReference; lastKnownFileType = sourcecode.swift; path = DadJokesListNavigationView.swift; sourceTree = "<group>"; };
		63A7E80926F14AD5000FEDAB /* SettingsView.swift */ = {isa = PBXFileReference; lastKnownFileType = sourcecode.swift; path = SettingsView.swift; sourceTree = "<group>"; };
		63A7E80E26F14C49000FEDAB /* en */ = {isa = PBXFileReference; lastKnownFileType = text.plist.strings; name = en; path = en.lproj/Localizable.strings; sourceTree = "<group>"; };
		63A7E81126F14C82000FEDAB /* lv */ = {isa = PBXFileReference; lastKnownFileType = text.plist.strings; name = lv; path = lv.lproj/Localizable.strings; sourceTree = "<group>"; };
/* End PBXFileReference section */

/* Begin PBXFrameworksBuildPhase section */
		6373E0DB26F143000026145E /* Frameworks */ = {
			isa = PBXFrameworksBuildPhase;
			buildActionMask = 2147483647;
			files = (
			);
			runOnlyForDeploymentPostprocessing = 0;
		};
/* End PBXFrameworksBuildPhase section */

/* Begin PBXGroup section */
		6373E0D526F143000026145E = {
			isa = PBXGroup;
			children = (
				6373E0E026F143000026145E /* DadJokes */,
				6373E0DF26F143000026145E /* Products */,
			);
			sourceTree = "<group>";
		};
		6373E0DF26F143000026145E /* Products */ = {
			isa = PBXGroup;
			children = (
				6373E0DE26F143000026145E /* DadJokes.app */,
			);
			name = Products;
			sourceTree = "<group>";
		};
		6373E0E026F143000026145E /* DadJokes */ = {
			isa = PBXGroup;
			children = (
				6373E0E126F143000026145E /* DadJokesApp.swift */,
				6373E0E326F143000026145E /* ContentView.swift */,
				6373E0EF26F143180026145E /* DadJokeView.swift */,
				63A7E80526F1453E000FEDAB /* DadJokesListView.swift */,
				63A7E80726F14711000FEDAB /* DadJokesListNavigationView.swift */,
				63A7E80926F14AD5000FEDAB /* SettingsView.swift */,
				63A7E80F26F14C49000FEDAB /* Localizable.strings */,
				6373E0E526F143020026145E /* Assets.xcassets */,
				6373E0E726F143020026145E /* Preview Content */,
			);
			path = DadJokes;
			sourceTree = "<group>";
		};
		6373E0E726F143020026145E /* Preview Content */ = {
			isa = PBXGroup;
			children = (
				6373E0E826F143020026145E /* Preview Assets.xcassets */,
			);
			path = "Preview Content";
			sourceTree = "<group>";
		};
/* End PBXGroup section */

/* Begin PBXNativeTarget section */
		6373E0DD26F143000026145E /* DadJokes */ = {
			isa = PBXNativeTarget;
			buildConfigurationList = 6373E0EC26F143020026145E /* Build configuration list for PBXNativeTarget "DadJokes" */;
			buildPhases = (
				6373E0DA26F143000026145E /* Sources */,
				6373E0DB26F143000026145E /* Frameworks */,
				6373E0DC26F143000026145E /* Resources */,
			);
			buildRules = (
			);
			dependencies = (
			);
			name = DadJokes;
			productName = DadJokes;
			productReference = 6373E0DE26F143000026145E /* DadJokes.app */;
			productType = "com.apple.product-type.application";
		};
/* End PBXNativeTarget section */

/* Begin PBXProject section */
		6373E0D626F143000026145E /* Project object */ = {
			isa = PBXProject;
			attributes = {
				BuildIndependentTargetsInParallel = 1;
				LastSwiftUpdateCheck = 1300;
				LastUpgradeCheck = 1300;
				TargetAttributes = {
					6373E0DD26F143000026145E = {
						CreatedOnToolsVersion = 13.0;
					};
				};
			};
			buildConfigurationList = 6373E0D926F143000026145E /* Build configuration list for PBXProject "DadJokes" */;
			compatibilityVersion = "Xcode 13.0";
			developmentRegion = en;
			hasScannedForEncodings = 0;
			knownRegions = (
				en,
				Base,
				lv,
			);
			mainGroup = 6373E0D526F143000026145E;
			productRefGroup = 6373E0DF26F143000026145E /* Products */;
			projectDirPath = "";
			projectRoot = "";
			targets = (
				6373E0DD26F143000026145E /* DadJokes */,
			);
		};
/* End PBXProject section */

/* Begin PBXResourcesBuildPhase section */
		6373E0DC26F143000026145E /* Resources */ = {
			isa = PBXResourcesBuildPhase;
			buildActionMask = 2147483647;
			files = (
				6373E0E926F143020026145E /* Preview Assets.xcassets in Resources */,
				63A7E80D26F14C49000FEDAB /* Localizable.strings in Resources */,
				6373E0E626F143020026145E /* Assets.xcassets in Resources */,
			);
			runOnlyForDeploymentPostprocessing = 0;
		};
/* End PBXResourcesBuildPhase section */

/* Begin PBXSourcesBuildPhase section */
		6373E0DA26F143000026145E /* Sources */ = {
			isa = PBXSourcesBuildPhase;
			buildActionMask = 2147483647;
			files = (
				6373E0E426F143000026145E /* ContentView.swift in Sources */,
				63A7E80826F14711000FEDAB /* DadJokesListNavigationView.swift in Sources */,
				63A7E80626F1453E000FEDAB /* DadJokesListView.swift in Sources */,
				63A7E80A26F14AD5000FEDAB /* SettingsView.swift in Sources */,
				6373E0E226F143000026145E /* DadJokesApp.swift in Sources */,
				6373E0F026F143180026145E /* DadJokeView.swift in Sources */,
			);
			runOnlyForDeploymentPostprocessing = 0;
		};
/* End PBXSourcesBuildPhase section */

/* Begin PBXVariantGroup section */
		63A7E80F26F14C49000FEDAB /* Localizable.strings */ = {
			isa = PBXVariantGroup;
			children = (
				63A7E80E26F14C49000FEDAB /* en */,
				63A7E81126F14C82000FEDAB /* lv */,
			);
			name = Localizable.strings;
			sourceTree = "<group>";
		};
/* End PBXVariantGroup section */

/* Begin XCBuildConfiguration section */
		6373E0EA26F143020026145E /* Debug */ = {
			isa = XCBuildConfiguration;
			buildSettings = {
				ALWAYS_SEARCH_USER_PATHS = NO;
				CLANG_ANALYZER_LOCALIZABILITY_NONLOCALIZED = YES;
				CLANG_ANALYZER_NONNULL = YES;
				CLANG_ANALYZER_NUMBER_OBJECT_CONVERSION = YES_AGGRESSIVE;
				CLANG_CXX_LANGUAGE_STANDARD = "gnu++17";
				CLANG_CXX_LIBRARY = "libc++";
				CLANG_ENABLE_MODULES = YES;
				CLANG_ENABLE_OBJC_ARC = YES;
				CLANG_ENABLE_OBJC_WEAK = YES;
				CLANG_WARN_BLOCK_CAPTURE_AUTORELEASING = YES;
				CLANG_WARN_BOOL_CONVERSION = YES;
				CLANG_WARN_COMMA = YES;
				CLANG_WARN_CONSTANT_CONVERSION = YES;
				CLANG_WARN_DEPRECATED_OBJC_IMPLEMENTATIONS = YES;
				CLANG_WARN_DIRECT_OBJC_ISA_USAGE = YES_ERROR;
				CLANG_WARN_DOCUMENTATION_COMMENTS = YES;
				CLANG_WARN_EMPTY_BODY = YES;
				CLANG_WARN_ENUM_CONVERSION = YES;
				CLANG_WARN_INFINITE_RECURSION = YES;
				CLANG_WARN_INT_CONVERSION = YES;
				CLANG_WARN_NON_LITERAL_NULL_CONVERSION = YES;
				CLANG_WARN_OBJC_IMPLICIT_RETAIN_SELF = YES;
				CLANG_WARN_OBJC_LITERAL_CONVERSION = YES;
				CLANG_WARN_OBJC_ROOT_CLASS = YES_ERROR;
				CLANG_WARN_QUOTED_INCLUDE_IN_FRAMEWORK_HEADER = YES;
				CLANG_WARN_RANGE_LOOP_ANALYSIS = YES;
				CLANG_WARN_STRICT_PROTOTYPES = YES;
				CLANG_WARN_SUSPICIOUS_MOVE = YES;
				CLANG_WARN_UNGUARDED_AVAILABILITY = YES_AGGRESSIVE;
				CLANG_WARN_UNREACHABLE_CODE = YES;
				CLANG_WARN__DUPLICATE_METHOD_MATCH = YES;
				COPY_PHASE_STRIP = NO;
				DEBUG_INFORMATION_FORMAT = dwarf;
				ENABLE_STRICT_OBJC_MSGSEND = YES;
				ENABLE_TESTABILITY = YES;
				GCC_C_LANGUAGE_STANDARD = gnu11;
				GCC_DYNAMIC_NO_PIC = NO;
				GCC_NO_COMMON_BLOCKS = YES;
				GCC_OPTIMIZATION_LEVEL = 0;
				GCC_PREPROCESSOR_DEFINITIONS = (
					"DEBUG=1",
					"$(inherited)",
				);
				GCC_WARN_64_TO_32_BIT_CONVERSION = YES;
				GCC_WARN_ABOUT_RETURN_TYPE = YES_ERROR;
				GCC_WARN_UNDECLARED_SELECTOR = YES;
				GCC_WARN_UNINITIALIZED_AUTOS = YES_AGGRESSIVE;
				GCC_WARN_UNUSED_FUNCTION = YES;
				GCC_WARN_UNUSED_VARIABLE = YES;
				IPHONEOS_DEPLOYMENT_TARGET = 15.0;
				MTL_ENABLE_DEBUG_INFO = INCLUDE_SOURCE;
				MTL_FAST_MATH = YES;
				ONLY_ACTIVE_ARCH = YES;
				SDKROOT = iphoneos;
				SWIFT_ACTIVE_COMPILATION_CONDITIONS = DEBUG;
				SWIFT_OPTIMIZATION_LEVEL = "-Onone";
			};
			name = Debug;
		};
		6373E0EB26F143020026145E /* Release */ = {
			isa = XCBuildConfiguration;
			buildSettings = {
				ALWAYS_SEARCH_USER_PATHS = NO;
				CLANG_ANALYZER_LOCALIZABILITY_NONLOCALIZED = YES;
				CLANG_ANALYZER_NONNULL = YES;
				CLANG_ANALYZER_NUMBER_OBJECT_CONVERSION = YES_AGGRESSIVE;
				CLANG_CXX_LANGUAGE_STANDARD = "gnu++17";
				CLANG_CXX_LIBRARY = "libc++";
				CLANG_ENABLE_MODULES = YES;
				CLANG_ENABLE_OBJC_ARC = YES;
				CLANG_ENABLE_OBJC_WEAK = YES;
				CLANG_WARN_BLOCK_CAPTURE_AUTORELEASING = YES;
				CLANG_WARN_BOOL_CONVERSION = YES;
				CLANG_WARN_COMMA = YES;
				CLANG_WARN_CONSTANT_CONVERSION = YES;
				CLANG_WARN_DEPRECATED_OBJC_IMPLEMENTATIONS = YES;
				CLANG_WARN_DIRECT_OBJC_ISA_USAGE = YES_ERROR;
				CLANG_WARN_DOCUMENTATION_COMMENTS = YES;
				CLANG_WARN_EMPTY_BODY = YES;
				CLANG_WARN_ENUM_CONVERSION = YES;
				CLANG_WARN_INFINITE_RECURSION = YES;
				CLANG_WARN_INT_CONVERSION = YES;
				CLANG_WARN_NON_LITERAL_NULL_CONVERSION = YES;
				CLANG_WARN_OBJC_IMPLICIT_RETAIN_SELF = YES;
				CLANG_WARN_OBJC_LITERAL_CONVERSION = YES;
				CLANG_WARN_OBJC_ROOT_CLASS = YES_ERROR;
				CLANG_WARN_QUOTED_INCLUDE_IN_FRAMEWORK_HEADER = YES;
				CLANG_WARN_RANGE_LOOP_ANALYSIS = YES;
				CLANG_WARN_STRICT_PROTOTYPES = YES;
				CLANG_WARN_SUSPICIOUS_MOVE = YES;
				CLANG_WARN_UNGUARDED_AVAILABILITY = YES_AGGRESSIVE;
				CLANG_WARN_UNREACHABLE_CODE = YES;
				CLANG_WARN__DUPLICATE_METHOD_MATCH = YES;
				COPY_PHASE_STRIP = NO;
				DEBUG_INFORMATION_FORMAT = "dwarf-with-dsym";
				ENABLE_NS_ASSERTIONS = NO;
				ENABLE_STRICT_OBJC_MSGSEND = YES;
				GCC_C_LANGUAGE_STANDARD = gnu11;
				GCC_NO_COMMON_BLOCKS = YES;
				GCC_WARN_64_TO_32_BIT_CONVERSION = YES;
				GCC_WARN_ABOUT_RETURN_TYPE = YES_ERROR;
				GCC_WARN_UNDECLARED_SELECTOR = YES;
				GCC_WARN_UNINITIALIZED_AUTOS = YES_AGGRESSIVE;
				GCC_WARN_UNUSED_FUNCTION = YES;
				GCC_WARN_UNUSED_VARIABLE = YES;
				IPHONEOS_DEPLOYMENT_TARGET = 15.0;
				MTL_ENABLE_DEBUG_INFO = NO;
				MTL_FAST_MATH = YES;
				SDKROOT = iphoneos;
				SWIFT_COMPILATION_MODE = wholemodule;
				SWIFT_OPTIMIZATION_LEVEL = "-O";
				VALIDATE_PRODUCT = YES;
			};
			name = Release;
		};
		6373E0ED26F143020026145E /* Debug */ = {
			isa = XCBuildConfiguration;
			buildSettings = {
				ASSETCATALOG_COMPILER_APPICON_NAME = AppIcon;
				ASSETCATALOG_COMPILER_GLOBAL_ACCENT_COLOR_NAME = AccentColor;
				CODE_SIGN_STYLE = Automatic;
				CURRENT_PROJECT_VERSION = 1;
				DEVELOPMENT_ASSET_PATHS = "\"DadJokes/Preview Content\"";
				DEVELOPMENT_TEAM = 4CSN8N4Q3J;
				ENABLE_PREVIEWS = YES;
				GENERATE_INFOPLIST_FILE = YES;
				INFOPLIST_KEY_UIApplicationSceneManifest_Generation = YES;
				INFOPLIST_KEY_UIApplicationSupportsIndirectInputEvents = YES;
				INFOPLIST_KEY_UILaunchScreen_Generation = YES;
				INFOPLIST_KEY_UISupportedInterfaceOrientations_iPad = "UIInterfaceOrientationPortrait UIInterfaceOrientationPortraitUpsideDown UIInterfaceOrientationLandscapeLeft UIInterfaceOrientationLandscapeRight";
				INFOPLIST_KEY_UISupportedInterfaceOrientations_iPhone = "UIInterfaceOrientationPortrait UIInterfaceOrientationLandscapeLeft UIInterfaceOrientationLandscapeRight";
				IPHONEOS_DEPLOYMENT_TARGET = 15.0;
				LD_RUNPATH_SEARCH_PATHS = (
					"$(inherited)",
					"@executable_path/Frameworks",
				);
				MARKETING_VERSION = 1.0;
				PRODUCT_BUNDLE_IDENTIFIER = com.fassko.DadJokes;
				PRODUCT_NAME = "$(TARGET_NAME)";
				SWIFT_EMIT_LOC_STRINGS = YES;
				SWIFT_VERSION = 5.0;
				TARGETED_DEVICE_FAMILY = "1,2";
			};
			name = Debug;
		};
		6373E0EE26F143020026145E /* Release */ = {
			isa = XCBuildConfiguration;
			buildSettings = {
				ASSETCATALOG_COMPILER_APPICON_NAME = AppIcon;
				ASSETCATALOG_COMPILER_GLOBAL_ACCENT_COLOR_NAME = AccentColor;
				CODE_SIGN_STYLE = Automatic;
				CURRENT_PROJECT_VERSION = 1;
				DEVELOPMENT_ASSET_PATHS = "\"DadJokes/Preview Content\"";
				DEVELOPMENT_TEAM = 4CSN8N4Q3J;
				ENABLE_PREVIEWS = YES;
				GENERATE_INFOPLIST_FILE = YES;
				INFOPLIST_KEY_UIApplicationSceneManifest_Generation = YES;
				INFOPLIST_KEY_UIApplicationSupportsIndirectInputEvents = YES;
				INFOPLIST_KEY_UILaunchScreen_Generation = YES;
				INFOPLIST_KEY_UISupportedInterfaceOrientations_iPad = "UIInterfaceOrientationPortrait UIInterfaceOrientationPortraitUpsideDown UIInterfaceOrientationLandscapeLeft UIInterfaceOrientationLandscapeRight";
				INFOPLIST_KEY_UISupportedInterfaceOrientations_iPhone = "UIInterfaceOrientationPortrait UIInterfaceOrientationLandscapeLeft UIInterfaceOrientationLandscapeRight";
				IPHONEOS_DEPLOYMENT_TARGET = 15.0;
				LD_RUNPATH_SEARCH_PATHS = (
					"$(inherited)",
					"@executable_path/Frameworks",
				);
				MARKETING_VERSION = 1.0;
				PRODUCT_BUNDLE_IDENTIFIER = com.fassko.DadJokes;
				PRODUCT_NAME = "$(TARGET_NAME)";
				SWIFT_EMIT_LOC_STRINGS = YES;
				SWIFT_VERSION = 5.0;
				TARGETED_DEVICE_FAMILY = "1,2";
			};
			name = Release;
		};
/* End XCBuildConfiguration section */

/* Begin XCConfigurationList section */
		6373E0D926F143000026145E /* Build configuration list for PBXProject "DadJokes" */ = {
			isa = XCConfigurationList;
			buildConfigurations = (
				6373E0EA26F143020026145E /* Debug */,
				6373E0EB26F143020026145E /* Release */,
			);
			defaultConfigurationIsVisible = 0;
			defaultConfigurationName = Release;
		};
		6373E0EC26F143020026145E /* Build configuration list for PBXNativeTarget "DadJokes" */ = {
			isa = XCConfigurationList;
			buildConfigurations = (
				6373E0ED26F143020026145E /* Debug */,
				6373E0EE26F143020026145E /* Release */,
			);
			defaultConfigurationIsVisible = 0;
			defaultConfigurationName = Release;
		};
/* End XCConfigurationList section */
	};
	rootObject = 6373E0D626F143000026145E /* Project object */;
}
